
Microsoft Visual Studio Solution File, Format Version 12.00
# Visual Studio Version 17
VisualStudioVersion = 17.0.31912.275
MinimumVisualStudioVersion = 10.0.40219.1
Project("{9A19103F-16F7-4668-BE54-9A1E7A4F7556}") = "lab3.2", "lab3.2\lab3.2.csproj", "{E9B13AAD-D798-4BA9-B3F5-4FE8884AEFA5}"
EndProject
Project("{FAE04EC0-301F-11D3-BF4B-00C04F79EFBC}") = "Entity", "Entity\Entity.csproj", "{ABF844D9-BB3E-4E99-A754-C85F7B7EEAC7}"
EndProject
Project("{2150E333-8FDC-42A3-9474-1A3956D46DE8}") = "BLL", "BLL", "{E8BB29ED-A51C-4B9F-9FFD-3AD626C3C0BB}"
EndProject
Project("{FAE04EC0-301F-11D3-BF4B-00C04F79EFBC}") = "EntityBLL", "EntityBLL\EntityBLL.csproj", "{5F0BE729-36E6-456C-AE4E-FA6E802CFB32}"
EndProject
Project("{FAE04EC0-301F-11D3-BF4B-00C04F79EFBC}") = "EntityBLLService", "EntityService\EntityBLLService.csproj", "{38329873-4F78-4911-8BF9-1F91C1996E4F}"
EndProject
Project("{FAE04EC0-301F-11D3-BF4B-00C04F79EFBC}") = "BLLException", "EntityException\BLLException.csproj", "{FF25BCA2-679E-45CF-9908-F58C63EE35A5}"
EndProject
Project("{2150E333-8FDC-42A3-9474-1A3956D46DE8}") = "DAL", "DAL", "{365AED86-CFCE-4BD6-9153-3998B371D5C1}"
EndProject
Project("{FAE04EC0-301F-11D3-BF4B-00C04F79EFBC}") = "EntityDAL", "EntityDAL\EntityDAL.csproj", "{3B12659B-7DBD-4709-BEEA-C3ECEFEE2BEA}"
EndProject
Project("{FAE04EC0-301F-11D3-BF4B-00C04F79EFBC}") = "EntityDALService", "EntityDALService\EntityDALService.csproj", "{05D662C7-BD1B-4930-B113-617D08004829}"
EndProject
Project("{FAE04EC0-301F-11D3-BF4B-00C04F79EFBC}") = "JSONProvider", "JSONProvider\JSONProvider.csproj", "{FDFD607D-2801-4BA6-BC32-2B6A8D1B69EA}"
EndProject
Project("{FAE04EC0-301F-11D3-BF4B-00C04F79EFBC}") = "Mapper", "Mapper\Mapper.csproj", "{BCF21821-5C30-45CD-9BC2-24FE8B2F2850}"
EndProject
Global
	GlobalSection(SolutionConfigurationPlatforms) = preSolution
		Debug|Any CPU = Debug|Any CPU
		Release|Any CPU = Release|Any CPU
	EndGlobalSection
	GlobalSection(ProjectConfigurationPlatforms) = postSolution
		{E9B13AAD-D798-4BA9-B3F5-4FE8884AEFA5}.Debug|Any CPU.ActiveCfg = Debug|Any CPU
		{E9B13AAD-D798-4BA9-B3F5-4FE8884AEFA5}.Debug|Any CPU.Build.0 = Debug|Any CPU
		{E9B13AAD-D798-4BA9-B3F5-4FE8884AEFA5}.Release|Any CPU.ActiveCfg = Release|Any CPU
		{E9B13AAD-D798-4BA9-B3F5-4FE8884AEFA5}.Release|Any CPU.Build.0 = Release|Any CPU
		{ABF844D9-BB3E-4E99-A754-C85F7B7EEAC7}.Debug|Any CPU.ActiveCfg = Debug|Any CPU
		{ABF844D9-BB3E-4E99-A754-C85F7B7EEAC7}.Debug|Any CPU.Build.0 = Debug|Any CPU
		{ABF844D9-BB3E-4E99-A754-C85F7B7EEAC7}.Release|Any CPU.ActiveCfg = Release|Any CPU
		{ABF844D9-BB3E-4E99-A754-C85F7B7EEAC7}.Release|Any CPU.Build.0 = Release|Any CPU
		{5F0BE729-36E6-456C-AE4E-FA6E802CFB32}.Debug|Any CPU.ActiveCfg = Debug|Any CPU
		{5F0BE729-36E6-456C-AE4E-FA6E802CFB32}.Debug|Any CPU.Build.0 = Debug|Any CPU
		{5F0BE729-36E6-456C-AE4E-FA6E802CFB32}.Release|Any CPU.ActiveCfg = Release|Any CPU
		{5F0BE729-36E6-456C-AE4E-FA6E802CFB32}.Release|Any CPU.Build.0 = Release|Any CPU
		{38329873-4F78-4911-8BF9-1F91C1996E4F}.Debug|Any CPU.ActiveCfg = Debug|Any CPU
		{38329873-4F78-4911-8BF9-1F91C1996E4F}.Debug|Any CPU.Build.0 = Debug|Any CPU
		{38329873-4F78-4911-8BF9-1F91C1996E4F}.Release|Any CPU.ActiveCfg = Release|Any CPU
		{38329873-4F78-4911-8BF9-1F91C1996E4F}.Release|Any CPU.Build.0 = Release|Any CPU
		{FF25BCA2-679E-45CF-9908-F58C63EE35A5}.Debug|Any CPU.ActiveCfg = Debug|Any CPU
		{FF25BCA2-679E-45CF-9908-F58C63EE35A5}.Debug|Any CPU.Build.0 = Debug|Any CPU
		{FF25BCA2-679E-45CF-9908-F58C63EE35A5}.Release|Any CPU.ActiveCfg = Release|Any CPU
		{FF25BCA2-679E-45CF-9908-F58C63EE35A5}.Release|Any CPU.Build.0 = Release|Any CPU
		{3B12659B-7DBD-4709-BEEA-C3ECEFEE2BEA}.Debug|Any CPU.ActiveCfg = Debug|Any CPU
		{3B12659B-7DBD-4709-BEEA-C3ECEFEE2BEA}.Debug|Any CPU.Build.0 = Debug|Any CPU
		{3B12659B-7DBD-4709-BEEA-C3ECEFEE2BEA}.Release|Any CPU.ActiveCfg = Release|Any CPU
		{3B12659B-7DBD-4709-BEEA-C3ECEFEE2BEA}.Release|Any CPU.Build.0 = Release|Any CPU
		{05D662C7-BD1B-4930-B113-617D08004829}.Debug|Any CPU.ActiveCfg = Debug|Any CPU
		{05D662C7-BD1B-4930-B113-617D08004829}.Debug|Any CPU.Build.0 = Debug|Any CPU
		{05D662C7-BD1B-4930-B113-617D08004829}.Release|Any CPU.ActiveCfg = Release|Any CPU
		{05D662C7-BD1B-4930-B113-617D08004829}.Release|Any CPU.Build.0 = Release|Any CPU
		{FDFD607D-2801-4BA6-BC32-2B6A8D1B69EA}.Debug|Any CPU.ActiveCfg = Debug|Any CPU
		{FDFD607D-2801-4BA6-BC32-2B6A8D1B69EA}.Debug|Any CPU.Build.0 = Debug|Any CPU
		{FDFD607D-2801-4BA6-BC32-2B6A8D1B69EA}.Release|Any CPU.ActiveCfg = Release|Any CPU
		{FDFD607D-2801-4BA6-BC32-2B6A8D1B69EA}.Release|Any CPU.Build.0 = Release|Any CPU
		{BCF21821-5C30-45CD-9BC2-24FE8B2F2850}.Debug|Any CPU.ActiveCfg = Debug|Any CPU
		{BCF21821-5C30-45CD-9BC2-24FE8B2F2850}.Debug|Any CPU.Build.0 = Debug|Any CPU
		{BCF21821-5C30-45CD-9BC2-24FE8B2F2850}.Release|Any CPU.ActiveCfg = Release|Any CPU
		{BCF21821-5C30-45CD-9BC2-24FE8B2F2850}.Release|Any CPU.Build.0 = Release|Any CPU
	EndGlobalSection
	GlobalSection(SolutionProperties) = preSolution
		HideSolutionNode = FALSE
	EndGlobalSection
	GlobalSection(NestedProjects) = preSolution
		{5F0BE729-36E6-456C-AE4E-FA6E802CFB32} = {E8BB29ED-A51C-4B9F-9FFD-3AD626C3C0BB}
		{38329873-4F78-4911-8BF9-1F91C1996E4F} = {E8BB29ED-A51C-4B9F-9FFD-3AD626C3C0BB}
		{FF25BCA2-679E-45CF-9908-F58C63EE35A5} = {E8BB29ED-A51C-4B9F-9FFD-3AD626C3C0BB}
		{3B12659B-7DBD-4709-BEEA-C3ECEFEE2BEA} = {365AED86-CFCE-4BD6-9153-3998B371D5C1}
		{05D662C7-BD1B-4930-B113-617D08004829} = {365AED86-CFCE-4BD6-9153-3998B371D5C1}
		{FDFD607D-2801-4BA6-BC32-2B6A8D1B69EA} = {365AED86-CFCE-4BD6-9153-3998B371D5C1}
	EndGlobalSection
	GlobalSection(ExtensibilityGlobals) = postSolution
		SolutionGuid = {D5960119-F79F-44F7-AFBC-36B1066CADC6}
	EndGlobalSection
EndGlobal
